
Microsoft Visual Studio Solution File, Format Version 12.00
# Visual Studio Version 16
VisualStudioVersion = 16.0.31702.278
MinimumVisualStudioVersion = 10.0.40219.1
Project("{FAE04EC0-301F-11D3-BF4B-00C04F79EFBC}") = "autoStudent", "App\autoStudent.csproj", "{FDBCC2A9-8CE2-4C49-8254-A3D10FAE1E41}"
EndProject
Project("{54435603-DBB4-11D2-8724-00A0C9A8B90C}") = "autoStudent Setup", "PackageProject\PackageProject.vdproj", "{24E7D9AD-7800-465C-9BBF-D720B4E93425}"
EndProject
Global
	GlobalSection(SolutionConfigurationPlatforms) = preSolution
		Debug|Any CPU = Debug|Any CPU
		Release|Any CPU = Release|Any CPU
	EndGlobalSection
	GlobalSection(ProjectConfigurationPlatforms) = postSolution
		{FDBCC2A9-8CE2-4C49-8254-A3D10FAE1E41}.Debug|Any CPU.ActiveCfg = Debug|Any CPU
		{FDBCC2A9-8CE2-4C49-8254-A3D10FAE1E41}.Debug|Any CPU.Build.0 = Debug|Any CPU
		{FDBCC2A9-8CE2-4C49-8254-A3D10FAE1E41}.Release|Any CPU.ActiveCfg = Release|Any CPU
		{FDBCC2A9-8CE2-4C49-8254-A3D10FAE1E41}.Release|Any CPU.Build.0 = Release|Any CPU
		{24E7D9AD-7800-465C-9BBF-D720B4E93425}.Debug|Any CPU.ActiveCfg = Debug
		{24E7D9AD-7800-465C-9BBF-D720B4E93425}.Release|Any CPU.ActiveCfg = Release
		{24E7D9AD-7800-465C-9BBF-D720B4E93425}.Release|Any CPU.Build.0 = Release
	EndGlobalSection
	GlobalSection(SolutionProperties) = preSolution
		HideSolutionNode = FALSE
	EndGlobalSection
	GlobalSection(ExtensibilityGlobals) = postSolution
		SolutionGuid = {536F1C3C-30D6-4FB4-974B-46846FE19D89}
	EndGlobalSection
EndGlobal
