
Microsoft Visual Studio Solution File, Format Version 12.00
# Visual Studio Version 17
VisualStudioVersion = 17.7.34024.191
MinimumVisualStudioVersion = 10.0.40219.1
Project("{9A19103F-16F7-4668-BE54-9A1E7A4F7556}") = "API", "API\API.csproj", "{B535391C-60B5-4C94-9A71-128F8FEDE19C}"
EndProject
Project("{9A19103F-16F7-4668-BE54-9A1E7A4F7556}") = "InstaTalk", "InstaTalk\InstaTalk.csproj", "{3DA15D83-EBB4-4DF3-BA0B-819720EAFACD}"
EndProject
Global
	GlobalSection(SolutionConfigurationPlatforms) = preSolution
		Debug|Any CPU = Debug|Any CPU
		Release|Any CPU = Release|Any CPU
	EndGlobalSection
	GlobalSection(ProjectConfigurationPlatforms) = postSolution
		{B535391C-60B5-4C94-9A71-128F8FEDE19C}.Debug|Any CPU.ActiveCfg = Debug|Any CPU
		{B535391C-60B5-4C94-9A71-128F8FEDE19C}.Debug|Any CPU.Build.0 = Debug|Any CPU
		{B535391C-60B5-4C94-9A71-128F8FEDE19C}.Release|Any CPU.ActiveCfg = Release|Any CPU
		{B535391C-60B5-4C94-9A71-128F8FEDE19C}.Release|Any CPU.Build.0 = Release|Any CPU
		{3DA15D83-EBB4-4DF3-BA0B-819720EAFACD}.Debug|Any CPU.ActiveCfg = Debug|Any CPU
		{3DA15D83-EBB4-4DF3-BA0B-819720EAFACD}.Debug|Any CPU.Build.0 = Debug|Any CPU
		{3DA15D83-EBB4-4DF3-BA0B-819720EAFACD}.Release|Any CPU.ActiveCfg = Release|Any CPU
		{3DA15D83-EBB4-4DF3-BA0B-819720EAFACD}.Release|Any CPU.Build.0 = Release|Any CPU
	EndGlobalSection
	GlobalSection(SolutionProperties) = preSolution
		HideSolutionNode = FALSE
	EndGlobalSection
	GlobalSection(ExtensibilityGlobals) = postSolution
		SolutionGuid = {3EB829FA-784B-4B24-B45F-984F4139B5D6}
	EndGlobalSection
EndGlobal
